<?xml version="1.0" encoding="utf-8"?>
<Project ToolsVersion="4.0" xmlns="http://schemas.microsoft.com/developer/msbuild/2003">
  <ItemGroup>
    <Filter Include="Source Files">
      <UniqueIdentifier>{4FC737F1-C7A5-4376-A066-2A32D752A2FF}</UniqueIdentifier>
      <Extensions>cpp;c;cc;cxx;c++;cppm;ixx;def;odl;idl;hpj;bat;asm;asmx</Extensions>
    </Filter>
    <Filter Include="Header Files">
      <UniqueIdentifier>{93995380-89BD-4b04-88EB-625FBE52EBFB}</UniqueIdentifier>
      <Extensions>h;hh;hpp;hxx;h++;hm;inl;inc;ipp;xsd</Extensions>
    </Filter>
    <Filter Include="Resource Files">
      <UniqueIdentifier>{67DA6AB6-F800-4c08-8B7A-83BB121AAD01}</UniqueIdentifier>
      <Extensions>rc;ico;cur;bmp;dlg;rc2;rct;bin;rgs;gif;jpg;jpeg;jpe;resx;tiff;tif;png;wav;mfcribbon-ms</Extensions>
    </Filter>
    <Filter Include="Header Files\Exceptions">
      <UniqueIdentifier>{4f8c2cd0-939b-4e19-b968-43953af061d3}</UniqueIdentifier>
    </Filter>
    <Filter Include="Source Files\Exceptions">
      <UniqueIdentifier>{66aa4583-b079-4945-b40a-68a7959473ef}</UniqueIdentifier>
    </Filter>
    <Filter Include="Header Files\Window">
      <UniqueIdentifier>{223a6561-aea6-4769-9972-19d564fc9025}</UniqueIdentifier>
    </Filter>
    <Filter Include="Source Files\Window">
      <UniqueIdentifier>{b4c50c35-b3ce-41bb-a5f4-48c63229f1a6}</UniqueIdentifier>
    </Filter>
    <Filter Include="Source Files\Rendering">
      <UniqueIdentifier>{d9a56c59-44e8-4f08-97fb-8d9a221753ab}</UniqueIdentifier>
    </Filter>
    <Filter Include="Header Files\Rendering">
      <UniqueIdentifier>{019fd7fe-78c9-46e0-ab2e-6d3192d00135}</UniqueIdentifier>
    </Filter>
    <Filter Include="Header Files\Input">
      <UniqueIdentifier>{89fc3f41-7b3c-4429-8276-11bb7308b7ff}</UniqueIdentifier>
    </Filter>
    <Filter Include="Source Files\Input">
      <UniqueIdentifier>{d18af5ac-afc1-4f5e-8211-bde4ef36cf18}</UniqueIdentifier>
    </Filter>
    <Filter Include="Header Files\BlackForest">
      <UniqueIdentifier>{e948c553-737d-439a-a4cc-3de0c90293b8}</UniqueIdentifier>
    </Filter>
    <Filter Include="Source Files\BlackForest">
      <UniqueIdentifier>{ecad4088-a8e1-4a1d-b540-f90f5d343c97}</UniqueIdentifier>
    </Filter>
    <Filter Include="Data">
      <UniqueIdentifier>{a9030e2a-0170-4eb3-95d4-c967c430e330}</UniqueIdentifier>
    </Filter>
    <Filter Include="Header Files\HUD">
      <UniqueIdentifier>{4151d4f6-9d00-4b3a-9479-9f9e8ab50f4c}</UniqueIdentifier>
    </Filter>
    <Filter Include="Source Files\HUD">
      <UniqueIdentifier>{feef3fe1-65d6-4abe-84ee-735614cb268e}</UniqueIdentifier>
    </Filter>
    <Filter Include="Header Files\Global">
      <UniqueIdentifier>{33949f96-35b5-49ef-854e-5cb2f0ff1223}</UniqueIdentifier>
    </Filter>
    <Filter Include="Source Files\Global">
      <UniqueIdentifier>{6c89e714-addd-4531-a3c9-f5368dbd4cdf}</UniqueIdentifier>
    </Filter>
    <Filter Include="Header Files\Network">
      <UniqueIdentifier>{7081c79b-b3c8-4fb0-bdf2-fb9cb912a507}</UniqueIdentifier>
    </Filter>
    <Filter Include="Source Files\Network">
      <UniqueIdentifier>{c1c5e7ac-e834-4740-9a2c-9efd9a50be64}</UniqueIdentifier>
    </Filter>
    <Filter Include="Header Files\Scene">
      <UniqueIdentifier>{0398f780-1f07-4025-aa2c-aca9fa3afd36}</UniqueIdentifier>
    </Filter>
    <Filter Include="Source Files\Scene">
      <UniqueIdentifier>{f6721527-3003-4ee7-89c4-98ca92384a7d}</UniqueIdentifier>
    </Filter>
    <Filter Include="Shaders">
      <UniqueIdentifier>{012a96f8-e101-440e-af2d-e0e8a936bab5}</UniqueIdentifier>
    </Filter>
    <Filter Include="Header Files\ObjectStore">
      <UniqueIdentifier>{07521d5d-62b4-4b00-858d-3c8f9aff3c8b}</UniqueIdentifier>
    </Filter>
    <Filter Include="Source Files\ObjectStore">
      <UniqueIdentifier>{5266aac1-3e0a-449d-8ef6-d438b5ac45a1}</UniqueIdentifier>
    </Filter>
    <Filter Include="Source Files\ImGUI">
      <UniqueIdentifier>{48e7a1cb-e803-4849-ae9e-890de5a7f146}</UniqueIdentifier>
    </Filter>
    <Filter Include="Header Files\Bindable">
      <UniqueIdentifier>{6747623b-afc1-4198-abde-d60190df226f}</UniqueIdentifier>
    </Filter>
    <Filter Include="Source Files\Bindable">
      <UniqueIdentifier>{4fe4b959-ef69-413f-be0c-03acc4bfe6f0}</UniqueIdentifier>
    </Filter>
    <Filter Include="Header Files\Bindable\Meshes">
      <UniqueIdentifier>{56460160-47f5-4997-a9c5-a16a78fce894}</UniqueIdentifier>
    </Filter>
    <Filter Include="Source Files\Bindable\Meshes">
      <UniqueIdentifier>{42abdcc3-bdb1-4c6d-9507-0f0fa077c264}</UniqueIdentifier>
    </Filter>
    <Filter Include="Header Files\Drawable">
      <UniqueIdentifier>{32032c1b-1f2c-411c-a16e-80785349008d}</UniqueIdentifier>
    </Filter>
    <Filter Include="Source Files\Drawable">
      <UniqueIdentifier>{ebb4e4b5-b146-47f1-8895-1c7dae32d518}</UniqueIdentifier>
    </Filter>
  </ItemGroup>
  <ItemGroup>
    <ClCompile Include="WinMain.cpp">
      <Filter>Source Files</Filter>
    </ClCompile>
    <ClCompile Include="pch.cpp">
      <Filter>Source Files</Filter>
    </ClCompile>
    <ClCompile Include="App.cpp">
      <Filter>Source Files</Filter>
    </ClCompile>
    <ClCompile Include="ChameleonException.cpp">
      <Filter>Source Files\Exceptions</Filter>
    </ClCompile>
    <ClCompile Include="WindowException.cpp">
      <Filter>Source Files\Exceptions</Filter>
    </ClCompile>
    <ClCompile Include="WindowManager.cpp">
      <Filter>Source Files\Window</Filter>
    </ClCompile>
    <ClCompile Include="WindowBase.cpp">
      <Filter>Source Files\Window</Filter>
    </ClCompile>
    <ClCompile Include="WindowsMessageMap.cpp">
      <Filter>Source Files\Window</Filter>
    </ClCompile>
    <ClCompile Include="ContentWindow.cpp">
      <Filter>Source Files\Window</Filter>
    </ClCompile>
    <ClCompile Include="DeviceResources.cpp">
      <Filter>Source Files\Rendering</Filter>
    </ClCompile>
    <ClCompile Include="BlackForestClass.cpp">
      <Filter>Source Files\BlackForest</Filter>
    </ClCompile>
    <ClCompile Include="CameraClass.cpp">
      <Filter>Source Files\BlackForest</Filter>
    </ClCompile>
    <ClCompile Include="PositionClass.cpp">
      <Filter>Source Files\BlackForest</Filter>
    </ClCompile>
    <ClCompile Include="LightClass.cpp">
      <Filter>Source Files\BlackForest</Filter>
    </ClCompile>
    <ClCompile Include="SkyDomeClass.cpp">
      <Filter>Source Files\BlackForest</Filter>
    </ClCompile>
    <ClCompile Include="SkyDomeShaderClass.cpp">
      <Filter>Source Files\BlackForest</Filter>
    </ClCompile>
    <ClCompile Include="BitmapClass.cpp">
      <Filter>Source Files\BlackForest</Filter>
    </ClCompile>
    <ClCompile Include="FontClass.cpp">
      <Filter>Source Files\BlackForest</Filter>
    </ClCompile>
    <ClCompile Include="FontShaderClass.cpp">
      <Filter>Source Files\BlackForest</Filter>
    </ClCompile>
    <ClCompile Include="TextClass.cpp">
      <Filter>Source Files\BlackForest</Filter>
    </ClCompile>
    <ClCompile Include="TextureClass.cpp">
      <Filter>Source Files\BlackForest</Filter>
    </ClCompile>
    <ClCompile Include="UserInterfaceClass.cpp">
      <Filter>Source Files\BlackForest</Filter>
    </ClCompile>
    <ClCompile Include="CPUStatistics.cpp">
      <Filter>Source Files\BlackForest</Filter>
    </ClCompile>
    <ClCompile Include="NetworkClass.cpp">
      <Filter>Source Files\BlackForest</Filter>
    </ClCompile>
    <ClCompile Include="StateClass.cpp">
      <Filter>Source Files\BlackForest</Filter>
    </ClCompile>
    <ClCompile Include="InputClass.cpp">
      <Filter>Source Files\BlackForest</Filter>
    </ClCompile>
    <ClCompile Include="CharacterState.cpp">
      <Filter>Source Files\Global</Filter>
    </ClCompile>
    <ClCompile Include="Keyboard.cpp">
      <Filter>Source Files\Input</Filter>
    </ClCompile>
    <ClCompile Include="Mouse.cpp">
      <Filter>Source Files\Input</Filter>
    </ClCompile>
    <ClCompile Include="Network.cpp">
      <Filter>Source Files\Network</Filter>
    </ClCompile>
    <ClCompile Include="CPU.cpp">
      <Filter>Source Files\Rendering</Filter>
    </ClCompile>
    <ClCompile Include="HUD.cpp">
      <Filter>Source Files\HUD</Filter>
    </ClCompile>
    <ClCompile Include="Scene.cpp">
      <Filter>Source Files\Scene</Filter>
    </ClCompile>
    <ClCompile Include="MoveLookController.cpp">
      <Filter>Source Files\Scene</Filter>
    </ClCompile>
    <ClCompile Include="Light.cpp">
      <Filter>Source Files\Scene</Filter>
    </ClCompile>
    <ClCompile Include="DeviceResourcesException.cpp">
      <Filter>Source Files\Exceptions</Filter>
    </ClCompile>
    <ClCompile Include="DxgiInfoManager.cpp">
      <Filter>Source Files\Exceptions</Filter>
    </ClCompile>
    <ClCompile Include="ObjectStore.cpp">
      <Filter>Source Files\ObjectStore</Filter>
    </ClCompile>
    <ClCompile Include="ObjectStoreException.cpp">
      <Filter>Source Files\Exceptions</Filter>
    </ClCompile>
    <ClCompile Include="TerrainMeshException.cpp">
      <Filter>Source Files\Exceptions</Filter>
    </ClCompile>
    <ClCompile Include="Text.cpp">
      <Filter>Source Files\HUD</Filter>
    </ClCompile>
    <ClCompile Include="FontFamily.cpp">
      <Filter>Source Files\HUD</Filter>
    </ClCompile>
    <ClCompile Include="TextureException.cpp">
      <Filter>Source Files\Exceptions</Filter>
    </ClCompile>
    <ClCompile Include="SkyDomeException.cpp">
      <Filter>Source Files\Exceptions</Filter>
    </ClCompile>
    <ClCompile Include="imgui.cpp">
      <Filter>Source Files\ImGUI</Filter>
    </ClCompile>
    <ClCompile Include="imgui_demo.cpp">
      <Filter>Source Files\ImGUI</Filter>
    </ClCompile>
    <ClCompile Include="imgui_draw.cpp">
      <Filter>Source Files\ImGUI</Filter>
    </ClCompile>
    <ClCompile Include="imgui_tables.cpp">
      <Filter>Source Files\ImGUI</Filter>
    </ClCompile>
    <ClCompile Include="imgui_widgets.cpp">
      <Filter>Source Files\ImGUI</Filter>
    </ClCompile>
    <ClCompile Include="imgui_impl_dx11.cpp">
      <Filter>Source Files\ImGUI</Filter>
    </ClCompile>
    <ClCompile Include="imgui_impl_win32.cpp">
      <Filter>Source Files\ImGUI</Filter>
    </ClCompile>
    <ClCompile Include="Frustum.cpp">
      <Filter>Source Files\Scene</Filter>
    </ClCompile>
    <ClCompile Include="FlyMoveLookController.cpp">
      <Filter>Source Files\Scene</Filter>
    </ClCompile>
    <ClCompile Include="CenterOnOriginMoveLookController.cpp">
      <Filter>Source Files\Scene</Filter>
    </ClCompile>
    <ClCompile Include="Bindable.cpp">
      <Filter>Source Files\Bindable</Filter>
    </ClCompile>
    <ClCompile Include="VertexShader.cpp">
      <Filter>Source Files\Bindable</Filter>
    </ClCompile>
    <ClCompile Include="InputLayout.cpp">
      <Filter>Source Files\Bindable</Filter>
    </ClCompile>
    <ClCompile Include="PixelShader.cpp">
      <Filter>Source Files\Bindable</Filter>
    </ClCompile>
    <ClCompile Include="RasterizerState.cpp">
      <Filter>Source Files\Bindable</Filter>
    </ClCompile>
    <ClCompile Include="ConstantBuffer.cpp">
      <Filter>Source Files\Bindable</Filter>
    </ClCompile>
    <ClCompile Include="ConstantBufferArray.cpp">
      <Filter>Source Files\Bindable</Filter>
    </ClCompile>
    <ClCompile Include="SamplerState.cpp">
      <Filter>Source Files\Bindable</Filter>
    </ClCompile>
    <ClCompile Include="BoxMesh.cpp">
      <Filter>Source Files\Bindable\Meshes</Filter>
    </ClCompile>
    <ClCompile Include="Mesh.cpp">
      <Filter>Source Files\Bindable\Meshes</Filter>
    </ClCompile>
    <ClCompile Include="SkyDomeMesh.cpp">
      <Filter>Source Files\Bindable\Meshes</Filter>
    </ClCompile>
    <ClCompile Include="SphereMesh.cpp">
      <Filter>Source Files\Bindable\Meshes</Filter>
    </ClCompile>
    <ClCompile Include="TerrainCellMesh.cpp">
      <Filter>Source Files\Bindable\Meshes</Filter>
    </ClCompile>
    <ClCompile Include="TerrainMesh.cpp">
      <Filter>Source Files\Bindable\Meshes</Filter>
    </ClCompile>
    <ClCompile Include="Texture.cpp">
      <Filter>Source Files\Bindable</Filter>
    </ClCompile>
    <ClCompile Include="TextureArray.cpp">
      <Filter>Source Files\Bindable</Filter>
    </ClCompile>
    <ClCompile Include="DepthStencilState.cpp">
      <Filter>Source Files\Bindable</Filter>
    </ClCompile>
    <ClCompile Include="Drawable.cpp">
      <Filter>Source Files\Drawable</Filter>
    </ClCompile>
    <ClCompile Include="Box.cpp">
      <Filter>Source Files\Drawable</Filter>
    </ClCompile>
    <ClCompile Include="SkyDome.cpp">
      <Filter>Source Files\Drawable</Filter>
    </ClCompile>
    <ClCompile Include="TerrainCell.cpp">
      <Filter>Source Files\Drawable</Filter>
    </ClCompile>
    <ClCompile Include="Terrain.cpp">
      <Filter>Source Files\Drawable</Filter>
    </ClCompile>
  </ItemGroup>
  <ItemGroup>
    <ClInclude Include="pch.h">
      <Filter>Header Files</Filter>
    </ClInclude>
    <ClInclude Include="App.h">
      <Filter>Header Files</Filter>
    </ClInclude>
    <ClInclude Include="ChameleonException.h">
      <Filter>Header Files\Exceptions</Filter>
    </ClInclude>
    <ClInclude Include="WindowException.h">
      <Filter>Header Files\Exceptions</Filter>
    </ClInclude>
    <ClInclude Include="WindowManager.h">
      <Filter>Header Files\Window</Filter>
    </ClInclude>
    <ClInclude Include="WindowBase.h">
      <Filter>Header Files\Window</Filter>
    </ClInclude>
    <ClInclude Include="WindowsMessageMap.h">
      <Filter>Header Files\Window</Filter>
    </ClInclude>
    <ClInclude Include="WindowBaseTemplate.h">
      <Filter>Header Files\Window</Filter>
    </ClInclude>
    <ClInclude Include="ContentWindow.h">
      <Filter>Header Files\Window</Filter>
    </ClInclude>
    <ClInclude Include="DeviceResources.h">
      <Filter>Header Files\Rendering</Filter>
    </ClInclude>
    <ClInclude Include="DirectXHelper.h">
      <Filter>Header Files\Rendering</Filter>
    </ClInclude>
    <ClInclude Include="StepTimer.h">
      <Filter>Header Files\Rendering</Filter>
    </ClInclude>
    <ClInclude Include="BlackForestClass.h">
      <Filter>Header Files\BlackForest</Filter>
    </ClInclude>
    <ClInclude Include="CameraClass.h">
      <Filter>Header Files\BlackForest</Filter>
    </ClInclude>
    <ClInclude Include="PositionClass.h">
      <Filter>Header Files\BlackForest</Filter>
    </ClInclude>
    <ClInclude Include="LightClass.h">
      <Filter>Header Files\BlackForest</Filter>
    </ClInclude>
    <ClInclude Include="SkyDomeClass.h">
      <Filter>Header Files\BlackForest</Filter>
    </ClInclude>
    <ClInclude Include="SkyDomeShaderClass.h">
      <Filter>Header Files\BlackForest</Filter>
    </ClInclude>
    <ClInclude Include="BitmapClass.h">
      <Filter>Header Files\BlackForest</Filter>
    </ClInclude>
    <ClInclude Include="FontClass.h">
      <Filter>Header Files\BlackForest</Filter>
    </ClInclude>
    <ClInclude Include="FontShaderClass.h">
      <Filter>Header Files\BlackForest</Filter>
    </ClInclude>
    <ClInclude Include="TextClass.h">
      <Filter>Header Files\BlackForest</Filter>
    </ClInclude>
    <ClInclude Include="TextureClass.h">
      <Filter>Header Files\BlackForest</Filter>
    </ClInclude>
    <ClInclude Include="UserInterfaceClass.h">
      <Filter>Header Files\BlackForest</Filter>
    </ClInclude>
    <ClInclude Include="CPUStatistics.h">
      <Filter>Header Files\BlackForest</Filter>
    </ClInclude>
    <ClInclude Include="NetworkClass.h">
      <Filter>Header Files\BlackForest</Filter>
    </ClInclude>
    <ClInclude Include="StateClass.h">
      <Filter>Header Files\BlackForest</Filter>
    </ClInclude>
    <ClInclude Include="InputClass.h">
      <Filter>Header Files\BlackForest</Filter>
    </ClInclude>
    <ClInclude Include="CharacterState.h">
      <Filter>Header Files\Global</Filter>
    </ClInclude>
    <ClInclude Include="Keyboard.h">
      <Filter>Header Files\Input</Filter>
    </ClInclude>
    <ClInclude Include="Mouse.h">
      <Filter>Header Files\Input</Filter>
    </ClInclude>
    <ClInclude Include="Network.h">
      <Filter>Header Files\Network</Filter>
    </ClInclude>
    <ClInclude Include="CPU.h">
      <Filter>Header Files\Rendering</Filter>
    </ClInclude>
    <ClInclude Include="HUD.h">
      <Filter>Header Files\HUD</Filter>
    </ClInclude>
    <ClInclude Include="Scene.h">
      <Filter>Header Files\Scene</Filter>
    </ClInclude>
    <ClInclude Include="MoveLookController.h">
      <Filter>Header Files\Scene</Filter>
    </ClInclude>
    <ClInclude Include="Light.h">
      <Filter>Header Files\Scene</Filter>
    </ClInclude>
    <ClInclude Include="NetworkMessages.h">
      <Filter>Header Files\Network</Filter>
    </ClInclude>
    <ClInclude Include="DeviceResourcesException.h">
      <Filter>Header Files\Exceptions</Filter>
    </ClInclude>
    <ClInclude Include="DxgiInfoManager.h">
      <Filter>Header Files\Exceptions</Filter>
    </ClInclude>
    <ClInclude Include="ObjectStore.h">
      <Filter>Header Files\ObjectStore</Filter>
    </ClInclude>
    <ClInclude Include="ObjectStoreException.h">
      <Filter>Header Files\Exceptions</Filter>
    </ClInclude>
    <ClInclude Include="HLSLStructures.h">
      <Filter>Header Files\Rendering</Filter>
    </ClInclude>
    <ClInclude Include="TerrainMeshException.h">
      <Filter>Header Files\Exceptions</Filter>
    </ClInclude>
    <ClInclude Include="Text.h">
      <Filter>Header Files\HUD</Filter>
    </ClInclude>
    <ClInclude Include="FontFamily.h">
      <Filter>Header Files\HUD</Filter>
    </ClInclude>
    <ClInclude Include="TextureException.h">
      <Filter>Header Files\Exceptions</Filter>
    </ClInclude>
    <ClInclude Include="SkyDomeException.h">
      <Filter>Header Files\Exceptions</Filter>
    </ClInclude>
    <ClInclude Include="imgui.h">
      <Filter>Source Files\ImGUI</Filter>
    </ClInclude>
    <ClInclude Include="imconfig.h">
      <Filter>Source Files\ImGUI</Filter>
    </ClInclude>
    <ClInclude Include="imgui_internal.h">
      <Filter>Source Files\ImGUI</Filter>
    </ClInclude>
    <ClInclude Include="imgui_impl_dx11.h">
      <Filter>Source Files\ImGUI</Filter>
    </ClInclude>
    <ClInclude Include="imgui_impl_win32.h">
      <Filter>Source Files\ImGUI</Filter>
    </ClInclude>
    <ClInclude Include="imstb_textedit.h">
      <Filter>Source Files\ImGUI</Filter>
    </ClInclude>
    <ClInclude Include="imstb_rectpack.h">
      <Filter>Source Files\ImGUI</Filter>
    </ClInclude>
    <ClInclude Include="imstb_truetype.h">
      <Filter>Source Files\ImGUI</Filter>
    </ClInclude>
    <ClInclude Include="Frustum.h">
      <Filter>Header Files\Scene</Filter>
    </ClInclude>
    <ClInclude Include="FlyMoveLookController.h">
      <Filter>Header Files\Scene</Filter>
    </ClInclude>
    <ClInclude Include="CenterOnOriginMoveLookController.h">
      <Filter>Header Files\Scene</Filter>
    </ClInclude>
    <ClInclude Include="Bindable.h">
      <Filter>Header Files\Bindable</Filter>
    </ClInclude>
    <ClInclude Include="VertexShader.h">
      <Filter>Header Files\Bindable</Filter>
    </ClInclude>
    <ClInclude Include="InputLayout.h">
      <Filter>Header Files\Bindable</Filter>
    </ClInclude>
    <ClInclude Include="PixelShader.h">
      <Filter>Header Files\Bindable</Filter>
    </ClInclude>
    <ClInclude Include="RasterizerState.h">
      <Filter>Header Files\Bindable</Filter>
    </ClInclude>
    <ClInclude Include="ConstantBuffer.h">
      <Filter>Header Files\Bindable</Filter>
    </ClInclude>
    <ClInclude Include="ConstantBufferArray.h">
      <Filter>Header Files\Bindable</Filter>
    </ClInclude>
    <ClInclude Include="SamplerState.h">
      <Filter>Header Files\Bindable</Filter>
    </ClInclude>
    <ClInclude Include="Mesh.h">
      <Filter>Header Files\Bindable\Meshes</Filter>
    </ClInclude>
    <ClInclude Include="BoxMesh.h">
      <Filter>Header Files\Bindable\Meshes</Filter>
    </ClInclude>
    <ClInclude Include="SkyDomeMesh.h">
      <Filter>Header Files\Bindable\Meshes</Filter>
    </ClInclude>
    <ClInclude Include="SphereMesh.h">
      <Filter>Header Files\Bindable\Meshes</Filter>
    </ClInclude>
    <ClInclude Include="TerrainMesh.h">
      <Filter>Header Files\Bindable\Meshes</Filter>
    </ClInclude>
    <ClInclude Include="TerrainCellMesh.h">
      <Filter>Header Files\Bindable\Meshes</Filter>
    </ClInclude>
    <ClInclude Include="Texture.h">
      <Filter>Header Files\Bindable</Filter>
    </ClInclude>
    <ClInclude Include="TextureArray.h">
      <Filter>Header Files\Bindable</Filter>
    </ClInclude>
    <ClInclude Include="DepthStencilState.h">
      <Filter>Header Files\Bindable</Filter>
    </ClInclude>
    <ClInclude Include="Drawable.h">
      <Filter>Header Files\Drawable</Filter>
    </ClInclude>
    <ClInclude Include="Box.h">
      <Filter>Header Files\Drawable</Filter>
    </ClInclude>
    <ClInclude Include="SkyDome.h">
      <Filter>Header Files\Drawable</Filter>
    </ClInclude>
    <ClInclude Include="TerrainCell.h">
      <Filter>Header Files\Drawable</Filter>
    </ClInclude>
    <ClInclude Include="Terrain.h">
      <Filter>Header Files\Drawable</Filter>
    </ClInclude>
  </ItemGroup>
  <ItemGroup>
    <None Include="packages.config" />
    <None Include="heightmap.r16">
      <Filter>Data</Filter>
    </None>
    <None Include="PSInclude.hlsli">
      <Filter>Shaders</Filter>
    </None>
  </ItemGroup>
  <ItemGroup>
    <Image Include="blackforest_cm.bmp">
      <Filter>Data</Filter>
    </Image>
    <Image Include="blackforest_hm.bmp">
      <Filter>Data</Filter>
    </Image>
    <Image Include="char1.dds">
      <Filter>Data</Filter>
    </Image>
    <Image Include="char2.dds">
      <Filter>Data</Filter>
    </Image>
    <Image Include="chat.dds">
      <Filter>Data</Filter>
    </Image>
    <Image Include="font.dds">
      <Filter>Data</Filter>
    </Image>
    <Image Include="heightmap.bmp">
      <Filter>Data</Filter>
    </Image>
    <Image Include="dirt01d.tga">
      <Filter>Data</Filter>
    </Image>
    <Image Include="test.tga">
      <Filter>Data</Filter>
    </Image>
    <Image Include="dirt01n.tga">
      <Filter>Data</Filter>
    </Image>
    <Image Include="colormap.bmp">
      <Filter>Data</Filter>
    </Image>
  </ItemGroup>
  <ItemGroup>
    <Text Include="cube.txt">
      <Filter>Data</Filter>
    </Text>
    <Text Include="fontdata.txt">
      <Filter>Data</Filter>
    </Text>
    <Text Include="Terrain.txt">
      <Filter>Data</Filter>
    </Text>
    <Text Include="skydome.txt">
      <Filter>Data</Filter>
    </Text>
  </ItemGroup>
  <ItemGroup>
    <FxCompile Include="VertexShader.hlsl">
      <Filter>Shaders</Filter>
    </FxCompile>
    <FxCompile Include="PixelShader.hlsl">
      <Filter>Shaders</Filter>
    </FxCompile>
    <FxCompile Include="PhongVertexShader.hlsl">
      <Filter>Shaders</Filter>
    </FxCompile>
    <FxCompile Include="PhongPixelShader.hlsl">
      <Filter>Shaders</Filter>
    </FxCompile>
    <FxCompile Include="TerrainVertexShader.hlsl">
      <Filter>Shaders</Filter>
    </FxCompile>
    <FxCompile Include="TerrainPixelShader.hlsl">
      <Filter>Shaders</Filter>
    </FxCompile>
    <FxCompile Include="TerrainTextureVertexShader.hlsl">
      <Filter>Shaders</Filter>
    </FxCompile>
    <FxCompile Include="TerrainTexturePixelShader.hlsl">
      <Filter>Shaders</Filter>
    </FxCompile>
    <FxCompile Include="SkyDomeVertexShader.hlsl">
      <Filter>Shaders</Filter>
    </FxCompile>
    <FxCompile Include="SkyDomePixelShader.hlsl">
      <Filter>Shaders</Filter>
    </FxCompile>
    <FxCompile Include="SolidVertexShader.hlsl">
      <Filter>Shaders</Filter>
    </FxCompile>
    <FxCompile Include="SolidPixelShader.hlsl">
      <Filter>Shaders</Filter>
    </FxCompile>
  </ItemGroup>
  <ItemGroup>
    <Natvis Include="imgui.natvis">
      <Filter>Source Files\ImGUI</Filter>
    </Natvis>
  </ItemGroup>
</Project>