<?xml version="1.0" encoding="utf-8"?>
<Project ToolsVersion="4.0" xmlns="http://schemas.microsoft.com/developer/msbuild/2003">
  <ItemGroup>
    <Filter Include="Source Files">
      <UniqueIdentifier>{4FC737F1-C7A5-4376-A066-2A32D752A2FF}</UniqueIdentifier>
      <Extensions>cpp;c;cc;cxx;c++;cppm;ixx;def;odl;idl;hpj;bat;asm;asmx</Extensions>
    </Filter>
    <Filter Include="Header Files">
      <UniqueIdentifier>{93995380-89BD-4b04-88EB-625FBE52EBFB}</UniqueIdentifier>
      <Extensions>h;hh;hpp;hxx;h++;hm;inl;inc;ipp;xsd</Extensions>
    </Filter>
    <Filter Include="Resource Files">
      <UniqueIdentifier>{67DA6AB6-F800-4c08-8B7A-83BB121AAD01}</UniqueIdentifier>
      <Extensions>rc;ico;cur;bmp;dlg;rc2;rct;bin;rgs;gif;jpg;jpeg;jpe;resx;tiff;tif;png;wav;mfcribbon-ms</Extensions>
    </Filter>
    <Filter Include="Header Files\Exceptions">
      <UniqueIdentifier>{4f8c2cd0-939b-4e19-b968-43953af061d3}</UniqueIdentifier>
    </Filter>
    <Filter Include="Source Files\Exceptions">
      <UniqueIdentifier>{66aa4583-b079-4945-b40a-68a7959473ef}</UniqueIdentifier>
    </Filter>
    <Filter Include="Header Files\Window">
      <UniqueIdentifier>{223a6561-aea6-4769-9972-19d564fc9025}</UniqueIdentifier>
    </Filter>
    <Filter Include="Source Files\Window">
      <UniqueIdentifier>{b4c50c35-b3ce-41bb-a5f4-48c63229f1a6}</UniqueIdentifier>
    </Filter>
    <Filter Include="Source Files\Rendering">
      <UniqueIdentifier>{d9a56c59-44e8-4f08-97fb-8d9a221753ab}</UniqueIdentifier>
    </Filter>
    <Filter Include="Header Files\Rendering">
      <UniqueIdentifier>{019fd7fe-78c9-46e0-ab2e-6d3192d00135}</UniqueIdentifier>
    </Filter>
    <Filter Include="Header Files\Misc">
      <UniqueIdentifier>{adf2ed3f-82a9-463e-aec1-01b2da613bde}</UniqueIdentifier>
    </Filter>
    <Filter Include="Source Files\Misc">
      <UniqueIdentifier>{d35e2169-7d43-40d6-b025-095ec54cf226}</UniqueIdentifier>
    </Filter>
    <Filter Include="Header Files\Input">
      <UniqueIdentifier>{89fc3f41-7b3c-4429-8276-11bb7308b7ff}</UniqueIdentifier>
    </Filter>
    <Filter Include="Source Files\Input">
      <UniqueIdentifier>{d18af5ac-afc1-4f5e-8211-bde4ef36cf18}</UniqueIdentifier>
    </Filter>
    <Filter Include="Header Files\BlackForest">
      <UniqueIdentifier>{e948c553-737d-439a-a4cc-3de0c90293b8}</UniqueIdentifier>
    </Filter>
    <Filter Include="Source Files\BlackForest">
      <UniqueIdentifier>{ecad4088-a8e1-4a1d-b540-f90f5d343c97}</UniqueIdentifier>
    </Filter>
    <Filter Include="Header Files\UI">
      <UniqueIdentifier>{4151d4f6-9d00-4b3a-9479-9f9e8ab50f4c}</UniqueIdentifier>
    </Filter>
    <Filter Include="Source Files\UI">
      <UniqueIdentifier>{feef3fe1-65d6-4abe-84ee-735614cb268e}</UniqueIdentifier>
    </Filter>
    <Filter Include="Data">
      <UniqueIdentifier>{a9030e2a-0170-4eb3-95d4-c967c430e330}</UniqueIdentifier>
    </Filter>
  </ItemGroup>
  <ItemGroup>
    <ClCompile Include="WinMain.cpp">
      <Filter>Source Files</Filter>
    </ClCompile>
    <ClCompile Include="pch.cpp">
      <Filter>Source Files</Filter>
    </ClCompile>
    <ClCompile Include="App.cpp">
      <Filter>Source Files</Filter>
    </ClCompile>
    <ClCompile Include="ChameleonException.cpp">
      <Filter>Source Files\Exceptions</Filter>
    </ClCompile>
    <ClCompile Include="WindowException.cpp">
      <Filter>Source Files\Exceptions</Filter>
    </ClCompile>
    <ClCompile Include="WindowManager.cpp">
      <Filter>Source Files\Window</Filter>
    </ClCompile>
    <ClCompile Include="WindowBase.cpp">
      <Filter>Source Files\Window</Filter>
    </ClCompile>
    <ClCompile Include="WindowsMessageMap.cpp">
      <Filter>Source Files\Window</Filter>
    </ClCompile>
    <ClCompile Include="ContentWindow.cpp">
      <Filter>Source Files\Window</Filter>
    </ClCompile>
    <ClCompile Include="DeviceResources.cpp">
      <Filter>Source Files\Rendering</Filter>
    </ClCompile>
    <ClCompile Include="CPUStatistics.cpp">
      <Filter>Source Files\Misc</Filter>
    </ClCompile>
    <ClCompile Include="InputClass.cpp">
      <Filter>Source Files\Input</Filter>
    </ClCompile>
    <ClCompile Include="StateClass.cpp">
      <Filter>Source Files\Misc</Filter>
    </ClCompile>
    <ClCompile Include="BlackForestClass.cpp">
      <Filter>Source Files\BlackForest</Filter>
    </ClCompile>
    <ClCompile Include="NetworkClass.cpp">
      <Filter>Source Files\Misc</Filter>
    </ClCompile>
    <ClCompile Include="UserInterfaceClass.cpp">
      <Filter>Source Files\UI</Filter>
    </ClCompile>
    <ClCompile Include="BitmapClass.cpp">
      <Filter>Source Files\UI</Filter>
    </ClCompile>
    <ClCompile Include="TextureClass.cpp">
      <Filter>Source Files\UI</Filter>
    </ClCompile>
    <ClCompile Include="TextClass.cpp">
      <Filter>Source Files\UI</Filter>
    </ClCompile>
    <ClCompile Include="FontClass.cpp">
      <Filter>Source Files\UI</Filter>
    </ClCompile>
    <ClCompile Include="FontShaderClass.cpp">
      <Filter>Source Files\UI</Filter>
    </ClCompile>
  </ItemGroup>
  <ItemGroup>
    <ClInclude Include="pch.h">
      <Filter>Header Files</Filter>
    </ClInclude>
    <ClInclude Include="App.h">
      <Filter>Header Files</Filter>
    </ClInclude>
    <ClInclude Include="ChameleonException.h">
      <Filter>Header Files\Exceptions</Filter>
    </ClInclude>
    <ClInclude Include="WindowException.h">
      <Filter>Header Files\Exceptions</Filter>
    </ClInclude>
    <ClInclude Include="WindowManager.h">
      <Filter>Header Files\Window</Filter>
    </ClInclude>
    <ClInclude Include="WindowBase.h">
      <Filter>Header Files\Window</Filter>
    </ClInclude>
    <ClInclude Include="WindowsMessageMap.h">
      <Filter>Header Files\Window</Filter>
    </ClInclude>
    <ClInclude Include="WindowBaseTemplate.h">
      <Filter>Header Files\Window</Filter>
    </ClInclude>
    <ClInclude Include="ContentWindow.h">
      <Filter>Header Files\Window</Filter>
    </ClInclude>
    <ClInclude Include="DeviceResources.h">
      <Filter>Header Files\Rendering</Filter>
    </ClInclude>
    <ClInclude Include="DirectXHelper.h">
      <Filter>Header Files\Rendering</Filter>
    </ClInclude>
    <ClInclude Include="StepTimer.h">
      <Filter>Header Files\Rendering</Filter>
    </ClInclude>
    <ClInclude Include="CPUStatistics.h">
      <Filter>Header Files\Misc</Filter>
    </ClInclude>
    <ClInclude Include="InputClass.h">
      <Filter>Header Files\Input</Filter>
    </ClInclude>
    <ClInclude Include="StateClass.h">
      <Filter>Header Files\Misc</Filter>
    </ClInclude>
    <ClInclude Include="BlackForestClass.h">
      <Filter>Header Files\BlackForest</Filter>
    </ClInclude>
    <ClInclude Include="NetworkClass.h">
      <Filter>Header Files\Misc</Filter>
    </ClInclude>
    <ClInclude Include="NetworkMessages.h">
      <Filter>Header Files\Misc</Filter>
    </ClInclude>
    <ClInclude Include="UserInterfaceClass.h">
      <Filter>Header Files\UI</Filter>
    </ClInclude>
    <ClInclude Include="BitmapClass.h">
      <Filter>Header Files\UI</Filter>
    </ClInclude>
    <ClInclude Include="TextureClass.h">
      <Filter>Header Files\UI</Filter>
    </ClInclude>
    <ClInclude Include="TextClass.h">
      <Filter>Header Files\UI</Filter>
    </ClInclude>
    <ClInclude Include="FontClass.h">
      <Filter>Header Files\UI</Filter>
    </ClInclude>
    <ClInclude Include="FontShaderClass.h">
      <Filter>Header Files\UI</Filter>
    </ClInclude>
  </ItemGroup>
  <ItemGroup>
    <None Include="packages.config" />
  </ItemGroup>
  <ItemGroup>
    <Image Include="blackforest_cm.bmp">
      <Filter>Data</Filter>
    </Image>
    <Image Include="blackforest_hm.bmp">
      <Filter>Data</Filter>
    </Image>
    <Image Include="char1.dds">
      <Filter>Data</Filter>
    </Image>
    <Image Include="char2.dds">
      <Filter>Data</Filter>
    </Image>
    <Image Include="chat.dds">
      <Filter>Data</Filter>
    </Image>
    <Image Include="font.dds">
      <Filter>Data</Filter>
    </Image>
  </ItemGroup>
  <ItemGroup>
    <Text Include="cube.txt">
      <Filter>Data</Filter>
    </Text>
    <Text Include="fontdata.txt">
      <Filter>Data</Filter>
    </Text>
    <Text Include="skydome.txt">
      <Filter>Data</Filter>
    </Text>
  </ItemGroup>
</Project>